name: update-flake-lock

on:
  workflow_dispatch:
  schedule:
    - cron: "0 4 * * 1" # Mondays 04:00 UTC

permissions:
  contents: write
  pull-requests: write

jobs:
  lockfile:
    name: update flake.lock
    runs-on: ubuntu-latest
    steps:
      - uses: actions/checkout@3d3c42e5aac5ba805825da76410c181273ba90b1 # v4
      - uses: cachix/install-nix-action@8aa03977d8d733052d78f4e008a241fd1dbf36b3 # v31.10.6
        with:
          extra_nix_config: |
            experimental-features = nix-command flakes
      - uses: DeterminateSystems/update-flake-lock@834c491b2ece4de0bbd00d85214bb5e83b4da5c6 # v28
        with:
          pr-title: "chore: update flake.lock"
          pr-labels: dependencies
          # Note: PRs opened with GITHUB_TOKEN do not themselves trigger CI.
          # Re-run CI manually on the PR, or swap in a PAT if you want it automatic.
          token: ${{ secrets.GITHUB_TOKEN }}
